<?xml version="1.0" encoding="utf-8"?>
<Project ToolsVersion="4.0" xmlns="http://schemas.microsoft.com/developer/msbuild/2003">
  <ItemGroup>
    <Filter Include="Source Files">
      <UniqueIdentifier>{4FC737F1-C7A5-4376-A066-2A32D752A2FF}</UniqueIdentifier>
      <Extensions>cpp;c;cc;cxx;def;odl;idl;hpj;bat;asm;asmx</Extensions>
    </Filter>
    <Filter Include="Header Files">
      <UniqueIdentifier>{93995380-89BD-4b04-88EB-625FBE52EBFB}</UniqueIdentifier>
      <Extensions>h;hh;hpp;hxx;hm;inl;inc;xsd</Extensions>
    </Filter>
    <Filter Include="Resource Files">
      <UniqueIdentifier>{67DA6AB6-F800-4c08-8B7A-83BB121AAD01}</UniqueIdentifier>
      <Extensions>rc;ico;cur;bmp;dlg;rc2;rct;bin;rgs;gif;jpg;jpeg;jpe;resx;tiff;tif;png;wav;mfcribbon-ms</Extensions>
    </Filter>
    <Filter Include="Header Files\kre">
      <UniqueIdentifier>{d358e798-13b8-4f82-999f-bd88eb7e49f9}</UniqueIdentifier>
    </Filter>
    <Filter Include="Header Files\xhtml">
      <UniqueIdentifier>{da0050f4-22ea-4f4d-8869-b72548f2b2cd}</UniqueIdentifier>
    </Filter>
    <Filter Include="Source Files\kre">
      <UniqueIdentifier>{2e4093fb-2641-4dfe-97f8-b26d42369e9d}</UniqueIdentifier>
    </Filter>
    <Filter Include="Source Files\xhtml">
      <UniqueIdentifier>{b86f2245-1a25-41f2-8496-a5150c5ab23e}</UniqueIdentifier>
    </Filter>
    <Filter Include="Test Files">
      <UniqueIdentifier>{67e4ce04-6245-4411-9193-eb285e0ad4af}</UniqueIdentifier>
    </Filter>
    <Filter Include="Header Files\SVG">
      <UniqueIdentifier>{99a9c217-8d3c-4066-bd5d-672945641cc2}</UniqueIdentifier>
    </Filter>
    <Filter Include="Source Files\SVG">
      <UniqueIdentifier>{660c181d-ab01-42bb-9ded-56db51deecd3}</UniqueIdentifier>
    </Filter>
  </ItemGroup>
  <ItemGroup>
    <ClCompile Include="..\src\main.cpp">
      <Filter>Source Files</Filter>
    </ClCompile>
    <ClCompile Include="..\src\kre\AttributeSet.cpp">
      <Filter>Source Files\kre</Filter>
    </ClCompile>
    <ClCompile Include="..\src\kre\AttributeSetOGL.cpp">
      <Filter>Source Files\kre</Filter>
    </ClCompile>
    <ClCompile Include="..\src\kre\Blend.cpp">
      <Filter>Source Files\kre</Filter>
    </ClCompile>
    <ClCompile Include="..\src\kre\BlendModeScope.cpp">
      <Filter>Source Files\kre</Filter>
    </ClCompile>
    <ClCompile Include="..\src\kre\BlendOGL.cpp">
      <Filter>Source Files\kre</Filter>
    </ClCompile>
    <ClCompile Include="..\src\kre\Blittable.cpp">
      <Filter>Source Files\kre</Filter>
    </ClCompile>
    <ClCompile Include="..\src\kre\CameraObject.cpp">
      <Filter>Source Files\kre</Filter>
    </ClCompile>
    <ClCompile Include="..\src\kre\Canvas.cpp">
      <Filter>Source Files\kre</Filter>
    </ClCompile>
    <ClCompile Include="..\src\kre\CanvasOGL.cpp">
      <Filter>Source Files\kre</Filter>
    </ClCompile>
    <ClCompile Include="..\src\kre\ClipScope.cpp">
      <Filter>Source Files\kre</Filter>
    </ClCompile>
    <ClCompile Include="..\src\kre\ClipScopeOGL.cpp">
      <Filter>Source Files\kre</Filter>
    </ClCompile>
    <ClCompile Include="..\src\kre\Color.cpp">
      <Filter>Source Files\kre</Filter>
    </ClCompile>
    <ClCompile Include="..\src\kre\ColorScope.cpp">
      <Filter>Source Files\kre</Filter>
    </ClCompile>
    <ClCompile Include="..\src\kre\Depth.cpp">
      <Filter>Source Files\kre</Filter>
    </ClCompile>
    <ClCompile Include="..\src\kre\DisplayDevice.cpp">
      <Filter>Source Files\kre</Filter>
    </ClCompile>
    <ClCompile Include="..\src\kre\DisplayDeviceOGL.cpp">
      <Filter>Source Files\kre</Filter>
    </ClCompile>
    <ClCompile Include="..\src\kre\DisplayDeviceOGLFixed.cpp">
      <Filter>Source Files\kre</Filter>
    </ClCompile>
    <ClCompile Include="..\src\kre\DisplayDeviceSDL.cpp">
      <Filter>Source Files\kre</Filter>
    </ClCompile>
    <ClCompile Include="..\src\kre\EffectsOGL.cpp">
      <Filter>Source Files\kre</Filter>
    </ClCompile>
    <ClCompile Include="..\src\kre\FboOGL.cpp">
      <Filter>Source Files\kre</Filter>
    </ClCompile>
    <ClCompile Include="..\src\kre\Font.cpp">
      <Filter>Source Files\kre</Filter>
    </ClCompile>
    <ClCompile Include="..\src\kre\FontSDL.cpp">
      <Filter>Source Files\kre</Filter>
    </ClCompile>
    <ClCompile Include="..\src\kre\Frustum.cpp">
      <Filter>Source Files\kre</Filter>
    </ClCompile>
    <ClCompile Include="..\src\kre\LightObject.cpp">
      <Filter>Source Files\kre</Filter>
    </ClCompile>
    <ClCompile Include="..\src\kre\ModelMatrixScope.cpp">
      <Filter>Source Files\kre</Filter>
    </ClCompile>
    <ClCompile Include="..\src\kre\ParticleSystem.cpp">
      <Filter>Source Files\kre</Filter>
    </ClCompile>
    <ClCompile Include="..\src\kre\ParticleSystemAffectors.cpp">
      <Filter>Source Files\kre</Filter>
    </ClCompile>
    <ClCompile Include="..\src\kre\ParticleSystemEmitters.cpp">
      <Filter>Source Files\kre</Filter>
    </ClCompile>
    <ClCompile Include="..\src\kre\ParticleSystemObservers.cpp">
      <Filter>Source Files\kre</Filter>
    </ClCompile>
    <ClCompile Include="..\src\kre\ParticleSystemParameters.cpp">
      <Filter>Source Files\kre</Filter>
    </ClCompile>
    <ClCompile Include="..\src\kre\Renderable.cpp">
      <Filter>Source Files\kre</Filter>
    </ClCompile>
    <ClCompile Include="..\src\kre\RenderManager.cpp">
      <Filter>Source Files\kre</Filter>
    </ClCompile>
    <ClCompile Include="..\src\kre\RenderQueue.cpp">
      <Filter>Source Files\kre</Filter>
    </ClCompile>
    <ClCompile Include="..\src\kre\RenderTarget.cpp">
      <Filter>Source Files\kre</Filter>
    </ClCompile>
    <ClCompile Include="..\src\kre\SceneGraph.cpp">
      <Filter>Source Files\kre</Filter>
    </ClCompile>
    <ClCompile Include="..\src\kre\SceneNode.cpp">
      <Filter>Source Files\kre</Filter>
    </ClCompile>
    <ClCompile Include="..\src\kre\SceneObject.cpp">
      <Filter>Source Files\kre</Filter>
    </ClCompile>
    <ClCompile Include="..\src\kre\SceneParameters.cpp">
      <Filter>Source Files\kre</Filter>
    </ClCompile>
    <ClCompile Include="..\src\kre\Scissor.cpp">
      <Filter>Source Files\kre</Filter>
    </ClCompile>
    <ClCompile Include="..\src\kre\ScissorOGL.cpp">
      <Filter>Source Files\kre</Filter>
    </ClCompile>
    <ClCompile Include="..\src\kre\Shaders.cpp">
      <Filter>Source Files\kre</Filter>
    </ClCompile>
    <ClCompile Include="..\src\kre\ShadersOGL.cpp">
      <Filter>Source Files\kre</Filter>
    </ClCompile>
    <ClCompile Include="..\src\kre\StencilScope.cpp">
      <Filter>Source Files\kre</Filter>
    </ClCompile>
    <ClCompile Include="..\src\kre\StencilScopeOGL.cpp">
      <Filter>Source Files\kre</Filter>
    </ClCompile>
    <ClCompile Include="..\src\kre\Surface.cpp">
      <Filter>Source Files\kre</Filter>
    </ClCompile>
    <ClCompile Include="..\src\kre\SurfaceSDL.cpp">
      <Filter>Source Files\kre</Filter>
    </ClCompile>
    <ClCompile Include="..\src\kre\TexPack.cpp">
      <Filter>Source Files\kre</Filter>
    </ClCompile>
    <ClCompile Include="..\src\kre\Texture.cpp">
      <Filter>Source Files\kre</Filter>
    </ClCompile>
    <ClCompile Include="..\src\kre\TextureOGL.cpp">
      <Filter>Source Files\kre</Filter>
    </ClCompile>
    <ClCompile Include="..\src\kre\TextureSDL.cpp">
      <Filter>Source Files\kre</Filter>
    </ClCompile>
    <ClCompile Include="..\src\kre\UniformBuffer.cpp">
      <Filter>Source Files\kre</Filter>
    </ClCompile>
    <ClCompile Include="..\src\kre\UniformBufferOGL.cpp">
      <Filter>Source Files\kre</Filter>
    </ClCompile>
    <ClCompile Include="..\src\kre\Util.cpp">
      <Filter>Source Files\kre</Filter>
    </ClCompile>
    <ClCompile Include="..\src\kre\VGraph.cpp">
      <Filter>Source Files\kre</Filter>
    </ClCompile>
    <ClCompile Include="..\src\kre\VGraphCairo.cpp">
      <Filter>Source Files\kre</Filter>
    </ClCompile>
    <ClCompile Include="..\src\kre\VGraphOGL.cpp">
      <Filter>Source Files\kre</Filter>
    </ClCompile>
    <ClCompile Include="..\src\kre\VGraphOGLFixed.cpp">
      <Filter>Source Files\kre</Filter>
    </ClCompile>
    <ClCompile Include="..\src\kre\WindowManager.cpp">
      <Filter>Source Files\kre</Filter>
    </ClCompile>
    <ClCompile Include="..\src\filesystem.cpp">
      <Filter>Source Files</Filter>
    </ClCompile>
    <ClCompile Include="..\src\json.cpp">
      <Filter>Source Files</Filter>
    </ClCompile>
    <ClCompile Include="..\src\variant.cpp">
      <Filter>Source Files</Filter>
    </ClCompile>
    <ClCompile Include="..\src\variant_utils.cpp">
      <Filter>Source Files</Filter>
    </ClCompile>
    <ClCompile Include="..\src\xhtml\xhtml_parser.cpp">
      <Filter>Source Files\xhtml</Filter>
    </ClCompile>
    <ClCompile Include="..\src\xhtml\xhtml_element.cpp">
      <Filter>Source Files\xhtml</Filter>
    </ClCompile>
    <ClCompile Include="..\src\xhtml\xhtml_render_ctx.cpp">
      <Filter>Source Files\xhtml</Filter>
    </ClCompile>
    <ClCompile Include="..\src\xhtml\css_parser.cpp">
      <Filter>Source Files\xhtml</Filter>
    </ClCompile>
    <ClCompile Include="..\src\xhtml\css_lexer.cpp">
      <Filter>Source Files\xhtml</Filter>
    </ClCompile>
    <ClCompile Include="..\src\xhtml\css_selector.cpp">
      <Filter>Source Files\xhtml</Filter>
    </ClCompile>
    <ClCompile Include="..\src\unit_test.cpp">
      <Filter>Source Files</Filter>
    </ClCompile>
    <ClCompile Include="..\src\xhtml\xhtml_node.cpp">
      <Filter>Source Files\xhtml</Filter>
    </ClCompile>
    <ClCompile Include="..\src\xhtml\css_properties.cpp">
      <Filter>Source Files\xhtml</Filter>
    </ClCompile>
    <ClCompile Include="..\src\xhtml\css_styles.cpp">
      <Filter>Source Files\xhtml</Filter>
    </ClCompile>
    <ClCompile Include="..\src\xhtml\css_stylesheet.cpp">
      <Filter>Source Files\xhtml</Filter>
    </ClCompile>
    <ClCompile Include="..\src\xhtml\xhtml_text_node.cpp">
      <Filter>Source Files\xhtml</Filter>
    </ClCompile>
    <ClCompile Include="..\src\xhtml\to_roman.cpp">
      <Filter>Source Files\xhtml</Filter>
    </ClCompile>
    <ClCompile Include="..\src\svg\svg_attribs.cpp">
      <Filter>Source Files\SVG</Filter>
    </ClCompile>
    <ClCompile Include="..\src\svg\svg_container.cpp">
      <Filter>Source Files\SVG</Filter>
    </ClCompile>
    <ClCompile Include="..\src\svg\svg_element.cpp">
      <Filter>Source Files\SVG</Filter>
    </ClCompile>
    <ClCompile Include="..\src\svg\svg_gradient.cpp">
      <Filter>Source Files\SVG</Filter>
    </ClCompile>
    <ClCompile Include="..\src\svg\svg_paint.cpp">
      <Filter>Source Files\SVG</Filter>
    </ClCompile>
    <ClCompile Include="..\src\svg\svg_parse.cpp">
      <Filter>Source Files\SVG</Filter>
    </ClCompile>
    <ClCompile Include="..\src\svg\svg_path_parse.cpp">
      <Filter>Source Files\SVG</Filter>
    </ClCompile>
    <ClCompile Include="..\src\svg\svg_shapes.cpp">
      <Filter>Source Files\SVG</Filter>
    </ClCompile>
    <ClCompile Include="..\src\svg\svg_style.cpp">
      <Filter>Source Files\SVG</Filter>
    </ClCompile>
    <ClCompile Include="..\src\svg\svg_transform.cpp">
      <Filter>Source Files\SVG</Filter>
    </ClCompile>
    <ClCompile Include="..\src\svg\svg_utils.cpp">
      <Filter>Source Files\SVG</Filter>
    </ClCompile>
    <ClCompile Include="..\src\svg\easy_svg.cpp">
      <Filter>Source Files\SVG</Filter>
    </ClCompile>
    <ClCompile Include="..\src\xhtml\xhtml_layout_engine.cpp">
      <Filter>Source Files\xhtml</Filter>
    </ClCompile>
    <ClCompile Include="..\src\xhtml\xhtml_root_box.cpp">
      <Filter>Source Files\xhtml</Filter>
    </ClCompile>
    <ClCompile Include="..\src\xhtml\xhtml_text_box.cpp">
      <Filter>Source Files\xhtml</Filter>
    </ClCompile>
    <ClCompile Include="..\src\xhtml\xhtml_block_box.cpp">
      <Filter>Source Files\xhtml</Filter>
    </ClCompile>
    <ClCompile Include="..\src\xhtml\xhtml_box.cpp">
      <Filter>Source Files\xhtml</Filter>
    </ClCompile>
    <ClCompile Include="..\src\xhtml\xhtml_background_info.cpp">
      <Filter>Source Files\xhtml</Filter>
    </ClCompile>
    <ClCompile Include="..\src\xhtml\xhtml_border_info.cpp">
      <Filter>Source Files\xhtml</Filter>
    </ClCompile>
    <ClCompile Include="..\src\xhtml\xhtml_inline_element_box.cpp">
      <Filter>Source Files\xhtml</Filter>
    </ClCompile>
    <ClCompile Include="..\src\xhtml\xhtml_inline_block_box.cpp">
      <Filter>Source Files\xhtml</Filter>
    </ClCompile>
    <ClCompile Include="..\src\xhtml\xhtml_absolute_box.cpp">
      <Filter>Source Files\xhtml</Filter>
    </ClCompile>
    <ClCompile Include="..\src\xhtml\xhtml_listitem_box.cpp">
      <Filter>Source Files\xhtml</Filter>
    </ClCompile>
    <ClCompile Include="..\src\xhtml\solid_renderable.cpp">
      <Filter>Source Files\xhtml</Filter>
    </ClCompile>
    <ClCompile Include="..\src\xhtml\css_transition.cpp">
      <Filter>Source Files\xhtml</Filter>
    </ClCompile>
    <ClCompile Include="..\src\xhtml\xhtml_style_tree.cpp">
      <Filter>Source Files\xhtml</Filter>
    </ClCompile>
    <ClCompile Include="..\src\xhtml\xhtml_script_interface.cpp">
      <Filter>Source Files\xhtml</Filter>
    </ClCompile>
    <ClCompile Include="..\src\kre\FontFreetype.cpp">
      <Filter>Source Files\kre</Filter>
    </ClCompile>
    <ClCompile Include="..\src\kre\Gradients.cpp">
      <Filter>Source Files\kre</Filter>
    </ClCompile>
    <ClCompile Include="..\src\kre\SurfaceBlur.cpp">
      <Filter>Source Files\kre</Filter>
    </ClCompile>
    <ClCompile Include="..\src\kre\FontSTB.cpp">
      <Filter>Source Files\kre</Filter>
    </ClCompile>
    <ClCompile Include="..\src\kre\FontDriver.cpp">
      <Filter>Source Files\kre</Filter>
    </ClCompile>
    <ClCompile Include="..\src\kre\SceneTree.cpp">
      <Filter>Source Files\kre</Filter>
    </ClCompile>
    <ClCompile Include="..\src\xhtml\url_handler.cpp">
      <Filter>Source Files\xhtml</Filter>
    </ClCompile>
    <ClCompile Include="..\src\xhtml\xhtml_line_box.cpp">
      <Filter>Source Files\xhtml</Filter>
    </ClCompile>
    <ClCompile Include="..\src\kre\SurfaceScale.cpp">
      <Filter>Source Files\kre</Filter>
    </ClCompile>
    <ClCompile Include="..\src\xhtml\scrollable.cpp">
      <Filter>Source Files\xhtml</Filter>
    </ClCompile>
    <ClCompile Include="..\src\rect_renderable.cpp">
      <Filter>Source Files</Filter>
    </ClCompile>
    <ClCompile Include="..\src\xhtml\event_listener.cpp">
      <Filter>Source Files\xhtml</Filter>
    </ClCompile>
  </ItemGroup>
  <ItemGroup>
    <ClInclude Include="..\src\kre\AttributeSet.hpp">
      <Filter>Header Files\kre</Filter>
    </ClInclude>
    <ClInclude Include="..\src\kre\AttributeSetOGL.hpp">
      <Filter>Header Files\kre</Filter>
    </ClInclude>
    <ClInclude Include="..\src\kre\Blend.hpp">
      <Filter>Header Files\kre</Filter>
    </ClInclude>
    <ClInclude Include="..\src\kre\BlendModeScope.hpp">
      <Filter>Header Files\kre</Filter>
    </ClInclude>
    <ClInclude Include="..\src\kre\BlendOGL.hpp">
      <Filter>Header Files\kre</Filter>
    </ClInclude>
    <ClInclude Include="..\src\kre\Blittable.hpp">
      <Filter>Header Files\kre</Filter>
    </ClInclude>
    <ClInclude Include="..\src\kre\CameraObject.hpp">
      <Filter>Header Files\kre</Filter>
    </ClInclude>
    <ClInclude Include="..\src\kre\Canvas.hpp">
      <Filter>Header Files\kre</Filter>
    </ClInclude>
    <ClInclude Include="..\src\kre\CanvasOGL.hpp">
      <Filter>Header Files\kre</Filter>
    </ClInclude>
    <ClInclude Include="..\src\kre\ClipScope.hpp">
      <Filter>Header Files\kre</Filter>
    </ClInclude>
    <ClInclude Include="..\src\kre\ClipScopeOGL.hpp">
      <Filter>Header Files\kre</Filter>
    </ClInclude>
    <ClInclude Include="..\src\kre\Color.hpp">
      <Filter>Header Files\kre</Filter>
    </ClInclude>
    <ClInclude Include="..\src\kre\ColorScope.hpp">
      <Filter>Header Files\kre</Filter>
    </ClInclude>
    <ClInclude Include="..\src\kre\Depth.hpp">
      <Filter>Header Files\kre</Filter>
    </ClInclude>
    <ClInclude Include="..\src\kre\DisplayDevice.hpp">
      <Filter>Header Files\kre</Filter>
    </ClInclude>
    <ClInclude Include="..\src\kre\DisplayDeviceFwd.hpp">
      <Filter>Header Files\kre</Filter>
    </ClInclude>
    <ClInclude Include="..\src\kre\DisplayDeviceOGL.hpp">
      <Filter>Header Files\kre</Filter>
    </ClInclude>
    <ClInclude Include="..\src\kre\DisplayDeviceOGLFixed.hpp">
      <Filter>Header Files\kre</Filter>
    </ClInclude>
    <ClInclude Include="..\src\kre\DisplayDeviceSDL.hpp">
      <Filter>Header Files\kre</Filter>
    </ClInclude>
    <ClInclude Include="..\src\kre\Effects.hpp">
      <Filter>Header Files\kre</Filter>
    </ClInclude>
    <ClInclude Include="..\src\kre\EffectsOGL.hpp">
      <Filter>Header Files\kre</Filter>
    </ClInclude>
    <ClInclude Include="..\src\kre\FboOGL.hpp">
      <Filter>Header Files\kre</Filter>
    </ClInclude>
    <ClInclude Include="..\src\kre\Font.hpp">
      <Filter>Header Files\kre</Filter>
    </ClInclude>
    <ClInclude Include="..\src\kre\FontSDL.hpp">
      <Filter>Header Files\kre</Filter>
    </ClInclude>
    <ClInclude Include="..\src\kre\Frustum.hpp">
      <Filter>Header Files\kre</Filter>
    </ClInclude>
    <ClInclude Include="..\src\kre\geometry.hpp">
      <Filter>Header Files\kre</Filter>
    </ClInclude>
    <ClInclude Include="..\src\kre\LightObject.hpp">
      <Filter>Header Files\kre</Filter>
    </ClInclude>
    <ClInclude Include="..\src\kre\ModelMatrixScope.hpp">
      <Filter>Header Files\kre</Filter>
    </ClInclude>
    <ClInclude Include="..\src\kre\ParticleSystem.hpp">
      <Filter>Header Files\kre</Filter>
    </ClInclude>
    <ClInclude Include="..\src\kre\ParticleSystemAffectors.hpp">
      <Filter>Header Files\kre</Filter>
    </ClInclude>
    <ClInclude Include="..\src\kre\ParticleSystemEmitters.hpp">
      <Filter>Header Files\kre</Filter>
    </ClInclude>
    <ClInclude Include="..\src\kre\ParticleSystemFwd.hpp">
      <Filter>Header Files\kre</Filter>
    </ClInclude>
    <ClInclude Include="..\src\kre\ParticleSystemObservers.hpp">
      <Filter>Header Files\kre</Filter>
    </ClInclude>
    <ClInclude Include="..\src\kre\ParticleSystemParameters.hpp">
      <Filter>Header Files\kre</Filter>
    </ClInclude>
    <ClInclude Include="..\src\kre\PixelFormat.hpp">
      <Filter>Header Files\kre</Filter>
    </ClInclude>
    <ClInclude Include="..\src\kre\Renderable.hpp">
      <Filter>Header Files\kre</Filter>
    </ClInclude>
    <ClInclude Include="..\src\kre\RenderFwd.hpp">
      <Filter>Header Files\kre</Filter>
    </ClInclude>
    <ClInclude Include="..\src\kre\RenderManager.hpp">
      <Filter>Header Files\kre</Filter>
    </ClInclude>
    <ClInclude Include="..\src\kre\RenderQueue.hpp">
      <Filter>Header Files\kre</Filter>
    </ClInclude>
    <ClInclude Include="..\src\kre\RenderTarget.hpp">
      <Filter>Header Files\kre</Filter>
    </ClInclude>
    <ClInclude Include="..\src\kre\SceneFwd.hpp">
      <Filter>Header Files\kre</Filter>
    </ClInclude>
    <ClInclude Include="..\src\kre\SceneGraph.hpp">
      <Filter>Header Files\kre</Filter>
    </ClInclude>
    <ClInclude Include="..\src\kre\SceneNode.hpp">
      <Filter>Header Files\kre</Filter>
    </ClInclude>
    <ClInclude Include="..\src\kre\SceneObject.hpp">
      <Filter>Header Files\kre</Filter>
    </ClInclude>
    <ClInclude Include="..\src\kre\SceneParameters.hpp">
      <Filter>Header Files\kre</Filter>
    </ClInclude>
    <ClInclude Include="..\src\kre\SceneUtil.hpp">
      <Filter>Header Files\kre</Filter>
    </ClInclude>
    <ClInclude Include="..\src\kre\Scissor.hpp">
      <Filter>Header Files\kre</Filter>
    </ClInclude>
    <ClInclude Include="..\src\kre\ScissorOGL.hpp">
      <Filter>Header Files\kre</Filter>
    </ClInclude>
    <ClInclude Include="..\src\kre\ScopeableValue.hpp">
      <Filter>Header Files\kre</Filter>
    </ClInclude>
    <ClInclude Include="..\src\kre\SDLWrapper.hpp">
      <Filter>Header Files\kre</Filter>
    </ClInclude>
    <ClInclude Include="..\src\kre\Shaders.hpp">
      <Filter>Header Files\kre</Filter>
    </ClInclude>
    <ClInclude Include="..\src\kre\ShadersOGL.hpp">
      <Filter>Header Files\kre</Filter>
    </ClInclude>
    <ClInclude Include="..\src\kre\spline.hpp">
      <Filter>Header Files\kre</Filter>
    </ClInclude>
    <ClInclude Include="..\src\kre\spline3d.hpp">
      <Filter>Header Files\kre</Filter>
    </ClInclude>
    <ClInclude Include="..\src\kre\StencilScope.hpp">
      <Filter>Header Files\kre</Filter>
    </ClInclude>
    <ClInclude Include="..\src\kre\StencilScopeOGL.hpp">
      <Filter>Header Files\kre</Filter>
    </ClInclude>
    <ClInclude Include="..\src\kre\StencilSettings.hpp">
      <Filter>Header Files\kre</Filter>
    </ClInclude>
    <ClInclude Include="..\src\kre\Surface.hpp">
      <Filter>Header Files\kre</Filter>
    </ClInclude>
    <ClInclude Include="..\src\kre\SurfaceSDL.hpp">
      <Filter>Header Files\kre</Filter>
    </ClInclude>
    <ClInclude Include="..\src\kre\TexPack.hpp">
      <Filter>Header Files\kre</Filter>
    </ClInclude>
    <ClInclude Include="..\src\kre\Texture.hpp">
      <Filter>Header Files\kre</Filter>
    </ClInclude>
    <ClInclude Include="..\src\kre\TextureOGL.hpp">
      <Filter>Header Files\kre</Filter>
    </ClInclude>
    <ClInclude Include="..\src\kre\TextureSDL.hpp">
      <Filter>Header Files\kre</Filter>
    </ClInclude>
    <ClInclude Include="..\src\kre\TextureUtils.hpp">
      <Filter>Header Files\kre</Filter>
    </ClInclude>
    <ClInclude Include="..\src\kre\UniformBuffer.hpp">
      <Filter>Header Files\kre</Filter>
    </ClInclude>
    <ClInclude Include="..\src\kre\UniformBufferOGL.hpp">
      <Filter>Header Files\kre</Filter>
    </ClInclude>
    <ClInclude Include="..\src\kre\Util.hpp">
      <Filter>Header Files\kre</Filter>
    </ClInclude>
    <ClInclude Include="..\src\kre\VGraph.hpp">
      <Filter>Header Files\kre</Filter>
    </ClInclude>
    <ClInclude Include="..\src\kre\VGraphCairo.hpp">
      <Filter>Header Files\kre</Filter>
    </ClInclude>
    <ClInclude Include="..\src\kre\VGraphFwd.hpp">
      <Filter>Header Files\kre</Filter>
    </ClInclude>
    <ClInclude Include="..\src\kre\VGraphOGL.hpp">
      <Filter>Header Files\kre</Filter>
    </ClInclude>
    <ClInclude Include="..\src\kre\VGraphOGLFixed.hpp">
      <Filter>Header Files\kre</Filter>
    </ClInclude>
    <ClInclude Include="..\src\kre\VGraphPatterns.hpp">
      <Filter>Header Files\kre</Filter>
    </ClInclude>
    <ClInclude Include="..\src\kre\WindowManager.hpp">
      <Filter>Header Files\kre</Filter>
    </ClInclude>
    <ClInclude Include="..\src\kre\WindowManagerFwd.hpp">
      <Filter>Header Files\kre</Filter>
    </ClInclude>
    <ClInclude Include="..\src\asserts.hpp">
      <Filter>Header Files</Filter>
    </ClInclude>
    <ClInclude Include="..\src\filesystem.hpp">
      <Filter>Header Files</Filter>
    </ClInclude>
    <ClInclude Include="..\src\formatter.hpp">
      <Filter>Header Files</Filter>
    </ClInclude>
    <ClInclude Include="..\src\json.hpp">
      <Filter>Header Files</Filter>
    </ClInclude>
    <ClInclude Include="..\src\profile_timer.hpp">
      <Filter>Header Files</Filter>
    </ClInclude>
    <ClInclude Include="..\src\utf8_to_codepoint.hpp">
      <Filter>Header Files</Filter>
    </ClInclude>
    <ClInclude Include="..\src\variant.hpp">
      <Filter>Header Files</Filter>
    </ClInclude>
    <ClInclude Include="..\src\variant_utils.hpp">
      <Filter>Header Files</Filter>
    </ClInclude>
    <ClInclude Include="..\src\xhtml\xhtml.hpp">
      <Filter>Header Files\xhtml</Filter>
    </ClInclude>
    <ClInclude Include="..\src\xhtml\xhtml_parser.hpp">
      <Filter>Header Files\xhtml</Filter>
    </ClInclude>
    <ClInclude Include="..\src\xhtml\xhtml_fwd.hpp">
      <Filter>Header Files\xhtml</Filter>
    </ClInclude>
    <ClInclude Include="..\src\xhtml\xhtml_element.hpp">
      <Filter>Header Files\xhtml</Filter>
    </ClInclude>
    <ClInclude Include="..\src\xhtml\xhtml_render_ctx.hpp">
      <Filter>Header Files\xhtml</Filter>
    </ClInclude>
    <ClInclude Include="..\src\xhtml\css_parser.hpp">
      <Filter>Header Files\xhtml</Filter>
    </ClInclude>
    <ClInclude Include="..\src\xhtml\css_lexer.hpp">
      <Filter>Header Files\xhtml</Filter>
    </ClInclude>
    <ClInclude Include="..\src\xhtml\css_selector.hpp">
      <Filter>Header Files\xhtml</Filter>
    </ClInclude>
    <ClInclude Include="..\src\xhtml\xhtml_element_id.hpp">
      <Filter>Header Files\xhtml</Filter>
    </ClInclude>
    <ClInclude Include="..\src\unit_test.hpp">
      <Filter>Header Files</Filter>
    </ClInclude>
    <ClInclude Include="..\src\xhtml\xhtml_node.hpp">
      <Filter>Header Files\xhtml</Filter>
    </ClInclude>
    <ClInclude Include="..\src\xhtml\css_properties.hpp">
      <Filter>Header Files\xhtml</Filter>
    </ClInclude>
    <ClInclude Include="..\src\xhtml\css_styles.hpp">
      <Filter>Header Files\xhtml</Filter>
    </ClInclude>
    <ClInclude Include="..\src\xhtml\css_stylesheet.hpp">
      <Filter>Header Files\xhtml</Filter>
    </ClInclude>
    <ClInclude Include="..\src\xhtml\xhtml_text_node.hpp">
      <Filter>Header Files\xhtml</Filter>
    </ClInclude>
    <ClInclude Include="..\src\xhtml\to_roman.hpp">
      <Filter>Header Files\xhtml</Filter>
    </ClInclude>
    <ClInclude Include="..\src\svg\svg_attribs.hpp">
      <Filter>Header Files\SVG</Filter>
    </ClInclude>
    <ClInclude Include="..\src\svg\svg_container.hpp">
      <Filter>Header Files\SVG</Filter>
    </ClInclude>
    <ClInclude Include="..\src\svg\svg_element.hpp">
      <Filter>Header Files\SVG</Filter>
    </ClInclude>
    <ClInclude Include="..\src\svg\svg_fwd.hpp">
      <Filter>Header Files\SVG</Filter>
    </ClInclude>
    <ClInclude Include="..\src\svg\svg_gradient.hpp">
      <Filter>Header Files\SVG</Filter>
    </ClInclude>
    <ClInclude Include="..\src\svg\svg_length.hpp">
      <Filter>Header Files\SVG</Filter>
    </ClInclude>
    <ClInclude Include="..\src\svg\svg_paint.hpp">
      <Filter>Header Files\SVG</Filter>
    </ClInclude>
    <ClInclude Include="..\src\svg\svg_parse.hpp">
      <Filter>Header Files\SVG</Filter>
    </ClInclude>
    <ClInclude Include="..\src\svg\svg_path_parse.hpp">
      <Filter>Header Files\SVG</Filter>
    </ClInclude>
    <ClInclude Include="..\src\svg\svg_render.hpp">
      <Filter>Header Files\SVG</Filter>
    </ClInclude>
    <ClInclude Include="..\src\svg\svg_shapes.hpp">
      <Filter>Header Files\SVG</Filter>
    </ClInclude>
    <ClInclude Include="..\src\svg\svg_style.hpp">
      <Filter>Header Files\SVG</Filter>
    </ClInclude>
    <ClInclude Include="..\src\svg\svg_transform.hpp">
      <Filter>Header Files\SVG</Filter>
    </ClInclude>
    <ClInclude Include="..\src\svg\utils.hpp">
      <Filter>Header Files\SVG</Filter>
    </ClInclude>
    <ClInclude Include="..\src\svg\easy_svg.hpp">
      <Filter>Header Files\SVG</Filter>
    </ClInclude>
    <ClInclude Include="..\src\xhtml\xhtml_block_box.hpp">
      <Filter>Header Files\xhtml</Filter>
    </ClInclude>
    <ClInclude Include="..\src\xhtml\xhtml_box.hpp">
      <Filter>Header Files\xhtml</Filter>
    </ClInclude>
    <ClInclude Include="..\src\xhtml\xhtml_layout_engine.hpp">
      <Filter>Header Files\xhtml</Filter>
    </ClInclude>
    <ClInclude Include="..\src\xhtml\xhtml_root_box.hpp">
      <Filter>Header Files\xhtml</Filter>
    </ClInclude>
    <ClInclude Include="..\src\xhtml\xhtml_text_box.hpp">
      <Filter>Header Files\xhtml</Filter>
    </ClInclude>
    <ClInclude Include="..\src\xhtml\xhtml_border_info.hpp">
      <Filter>Header Files\xhtml</Filter>
    </ClInclude>
    <ClInclude Include="..\src\xhtml\xhtml_background_info.hpp">
      <Filter>Header Files\xhtml</Filter>
    </ClInclude>
    <ClInclude Include="..\src\xhtml\xhtml_inline_element_box.hpp">
      <Filter>Header Files\xhtml</Filter>
    </ClInclude>
    <ClInclude Include="..\src\xhtml\xhtml_inline_block_box.hpp">
      <Filter>Header Files\xhtml</Filter>
    </ClInclude>
    <ClInclude Include="..\src\xhtml\xhtml_absolute_box.hpp">
      <Filter>Header Files\xhtml</Filter>
    </ClInclude>
    <ClInclude Include="..\src\xhtml\xhtml_listitem_box.hpp">
      <Filter>Header Files\xhtml</Filter>
    </ClInclude>
    <ClInclude Include="..\src\xhtml\solid_renderable.hpp">
      <Filter>Header Files\xhtml</Filter>
    </ClInclude>
    <ClInclude Include="..\src\xhtml\css_transition.hpp">
      <Filter>Header Files\xhtml</Filter>
    </ClInclude>
    <ClInclude Include="..\src\xhtml\xhtml_style_tree.hpp">
      <Filter>Header Files\xhtml</Filter>
    </ClInclude>
    <ClInclude Include="..\src\xhtml\xhtml_script_interface.hpp">
      <Filter>Header Files\xhtml</Filter>
    </ClInclude>
    <ClInclude Include="..\src\kre\Gradients.hpp">
      <Filter>Header Files\kre</Filter>
    </ClInclude>
    <ClInclude Include="..\src\kre\SurfaceBlur.hpp">
      <Filter>Header Files\kre</Filter>
    </ClInclude>
    <ClInclude Include="..\src\kre\stb_truetype.h">
      <Filter>Header Files\kre</Filter>
    </ClInclude>
    <ClInclude Include="..\src\kre\FontDriver.hpp">
      <Filter>Header Files\kre</Filter>
    </ClInclude>
    <ClInclude Include="..\src\kre\FontImpl.hpp">
      <Filter>Header Files\kre</Filter>
    </ClInclude>
    <ClInclude Include="..\src\kre\stb_rect_pack.h">
      <Filter>Header Files\kre</Filter>
    </ClInclude>
    <ClInclude Include="..\src\kre\SceneTree.hpp">
      <Filter>Header Files\kre</Filter>
    </ClInclude>
    <ClInclude Include="..\src\kre\AlignedAllocator.hpp">
      <Filter>Header Files\kre</Filter>
    </ClInclude>
    <ClInclude Include="..\src\xhtml\url_handler.hpp">
      <Filter>Header Files\xhtml</Filter>
    </ClInclude>
    <ClInclude Include="..\src\xhtml\xhtml_line_box.hpp">
      <Filter>Header Files\xhtml</Filter>
    </ClInclude>
    <ClInclude Include="..\src\kre\SurfaceScale.hpp">
      <Filter>Header Files\kre</Filter>
    </ClInclude>
    <ClInclude Include="..\src\xhtml\scrollable.hpp">
      <Filter>Header Files\xhtml</Filter>
    </ClInclude>
    <ClInclude Include="..\src\rect_renderable.hpp">
      <Filter>Header Files</Filter>
    </ClInclude>
    <ClInclude Include="..\src\xhtml\event_listener.hpp">
      <Filter>Header Files\xhtml</Filter>
    </ClInclude>
    <ClInclude Include="..\src\main.h">
      <Filter>Header Files</Filter>
    </ClInclude>
  </ItemGroup>
  <ItemGroup>
    <None Include="..\src\kre\geometry.inl">
      <Filter>Header Files\kre</Filter>
    </None>
    <None Include="..\data\test1.xhtml">
      <Filter>Test Files</Filter>
    </None>
    <None Include="..\data\user_agent.css">
      <Filter>Test Files</Filter>
    </None>
    <None Include="..\data\test2.xhtml">
      <Filter>Test Files</Filter>
    </None>
    <None Include="..\data\test3.xhtml">
      <Filter>Test Files</Filter>
    </None>
    <None Include="..\data\test5.xhtml">
      <Filter>Test Files</Filter>
    </None>
    <None Include="..\data\test4.xhtml">
      <Filter>Test Files</Filter>
    </None>
    <None Include="..\data\test6.xhtml">
      <Filter>Test Files</Filter>
    </None>
    <None Include="..\data\test7.xhtml">
      <Filter>Test Files</Filter>
    </None>
    <None Include="..\data\ui_test1.xhtml">
      <Filter>Test Files</Filter>
    </None>
    <None Include="..\data\ui_test2.xhtml">
      <Filter>Test Files</Filter>
    </None>
    <None Include="..\data\ui_test3.xhtml">
      <Filter>Test Files</Filter>
    </None>
  </ItemGroup>
  <ItemGroup>
    <Library Include="..\external\lib\Win32\freetype2412_D.lib" />
  </ItemGroup>
</Project>